
Microsoft Visual Studio Solution File, Format Version 12.00
# Visual Studio Version 17
VisualStudioVersion = 17.10.34707.107
MinimumVisualStudioVersion = 10.0.40219.1
Project("{2150E333-8FDC-42A3-9474-1A3956D46DE8}") = "Source", "Source", "{8953CCE5-262C-4B30-A01F-1931188C4B99}"
EndProject
Project("{2150E333-8FDC-42A3-9474-1A3956D46DE8}") = "Backend", "Backend", "{AFB863AB-4E28-4A8B-92EE-FE32D004D79A}"
EndProject
Project("{2150E333-8FDC-42A3-9474-1A3956D46DE8}") = "Platforms", "Platforms", "{97D6530A-31EA-4488-8F14-4FEEBCB3CB4C}"
EndProject
Project("{9A19103F-16F7-4668-BE54-9A1E7A4F7556}") = "UnoLoginMSALTest.DataContracts", "UnoLoginMSALTest.DataContracts\UnoLoginMSALTest.DataContracts.csproj", "{A6355FE0-247F-4998-9D55-3D0D8F692F91}"
EndProject
Project("{9A19103F-16F7-4668-BE54-9A1E7A4F7556}") = "UnoLoginMSALTest", "UnoLoginMSALTest\UnoLoginMSALTest.csproj", "{11514293-3776-445E-B1E3-68BBA5E3B533}"
EndProject
Project("{9A19103F-16F7-4668-BE54-9A1E7A4F7556}") = "UnoLoginMSALTest.Wasm", "UnoLoginMSALTest.Wasm\UnoLoginMSALTest.Wasm.csproj", "{9533D765-032A-4B8B-B9F4-B3CEFC4D2557}"
EndProject
Project("{9A19103F-16F7-4668-BE54-9A1E7A4F7556}") = "UnoLoginMSALTest.Windows", "UnoLoginMSALTest.Windows\UnoLoginMSALTest.Windows.csproj", "{D2F2F523-E51B-4612-A1B3-6D164F7CC5DC}"
EndProject
Project("{9A19103F-16F7-4668-BE54-9A1E7A4F7556}") = "UnoLoginMSALTest.Mobile", "UnoLoginMSALTest.Mobile\UnoLoginMSALTest.Mobile.csproj", "{58DDE9D6-5448-4EDF-A783-09274DFCB377}"
EndProject
Project("{9A19103F-16F7-4668-BE54-9A1E7A4F7556}") = "UnoLoginMSALTest.Shared", "UnoLoginMSALTest.Shared\UnoLoginMSALTest.Shared.csproj", "{1836E0D8-93E2-43F2-B090-F577DDF12D62}"
EndProject
Project("{9A19103F-16F7-4668-BE54-9A1E7A4F7556}") = "UnoLoginMSALTest.Server", "UnoLoginMSALTest.Server\UnoLoginMSALTest.Server.csproj", "{1F33B68B-4C05-4467-9A2D-45752B4E38F3}"
EndProject
Project("{2150E333-8FDC-42A3-9474-1A3956D46DE8}") = "Solution Items", "Solution Items", "{17E395FB-BD1C-4293-BBA0-5A6F93B96585}"
	ProjectSection(SolutionItems) = preProject
		.gitignore = .gitignore
		Directory.Build.props = Directory.Build.props
		Directory.Build.targets = Directory.Build.targets
		Directory.Packages.props = Directory.Packages.props
		solution-config.props.sample = solution-config.props.sample
	EndProjectSection
EndProject
Global
	GlobalSection(SolutionConfigurationPlatforms) = preSolution
		Debug|Any CPU = Debug|Any CPU
		Debug|arm64 = Debug|arm64
		Debug|x64 = Debug|x64
		Debug|x86 = Debug|x86
		Release|Any CPU = Release|Any CPU
		Release|arm64 = Release|arm64
		Release|x64 = Release|x64
		Release|x86 = Release|x86
	EndGlobalSection
	GlobalSection(ProjectConfigurationPlatforms) = postSolution
		{A6355FE0-247F-4998-9D55-3D0D8F692F91}.Debug|Any CPU.ActiveCfg = Debug|Any CPU
		{A6355FE0-247F-4998-9D55-3D0D8F692F91}.Debug|Any CPU.Build.0 = Debug|Any CPU
		{A6355FE0-247F-4998-9D55-3D0D8F692F91}.Debug|arm64.ActiveCfg = Debug|Any CPU
		{A6355FE0-247F-4998-9D55-3D0D8F692F91}.Debug|arm64.Build.0 = Debug|Any CPU
		{A6355FE0-247F-4998-9D55-3D0D8F692F91}.Debug|x64.ActiveCfg = Debug|Any CPU
		{A6355FE0-247F-4998-9D55-3D0D8F692F91}.Debug|x64.Build.0 = Debug|Any CPU
		{A6355FE0-247F-4998-9D55-3D0D8F692F91}.Debug|x86.ActiveCfg = Debug|Any CPU
		{A6355FE0-247F-4998-9D55-3D0D8F692F91}.Debug|x86.Build.0 = Debug|Any CPU
		{A6355FE0-247F-4998-9D55-3D0D8F692F91}.Release|Any CPU.ActiveCfg = Release|Any CPU
		{A6355FE0-247F-4998-9D55-3D0D8F692F91}.Release|Any CPU.Build.0 = Release|Any CPU
		{A6355FE0-247F-4998-9D55-3D0D8F692F91}.Release|arm64.ActiveCfg = Release|Any CPU
		{A6355FE0-247F-4998-9D55-3D0D8F692F91}.Release|arm64.Build.0 = Release|Any CPU
		{A6355FE0-247F-4998-9D55-3D0D8F692F91}.Release|x64.ActiveCfg = Release|Any CPU
		{A6355FE0-247F-4998-9D55-3D0D8F692F91}.Release|x64.Build.0 = Release|Any CPU
		{A6355FE0-247F-4998-9D55-3D0D8F692F91}.Release|x86.ActiveCfg = Release|Any CPU
		{A6355FE0-247F-4998-9D55-3D0D8F692F91}.Release|x86.Build.0 = Release|Any CPU
		{11514293-3776-445E-B1E3-68BBA5E3B533}.Debug|Any CPU.ActiveCfg = Debug|Any CPU
		{11514293-3776-445E-B1E3-68BBA5E3B533}.Debug|Any CPU.Build.0 = Debug|Any CPU
		{11514293-3776-445E-B1E3-68BBA5E3B533}.Debug|arm64.ActiveCfg = Debug|Any CPU
		{11514293-3776-445E-B1E3-68BBA5E3B533}.Debug|arm64.Build.0 = Debug|Any CPU
		{11514293-3776-445E-B1E3-68BBA5E3B533}.Debug|x64.ActiveCfg = Debug|Any CPU
		{11514293-3776-445E-B1E3-68BBA5E3B533}.Debug|x64.Build.0 = Debug|Any CPU
		{11514293-3776-445E-B1E3-68BBA5E3B533}.Debug|x86.ActiveCfg = Debug|Any CPU
		{11514293-3776-445E-B1E3-68BBA5E3B533}.Debug|x86.Build.0 = Debug|Any CPU
		{11514293-3776-445E-B1E3-68BBA5E3B533}.Release|Any CPU.ActiveCfg = Release|Any CPU
		{11514293-3776-445E-B1E3-68BBA5E3B533}.Release|Any CPU.Build.0 = Release|Any CPU
		{11514293-3776-445E-B1E3-68BBA5E3B533}.Release|arm64.ActiveCfg = Release|Any CPU
		{11514293-3776-445E-B1E3-68BBA5E3B533}.Release|arm64.Build.0 = Release|Any CPU
		{11514293-3776-445E-B1E3-68BBA5E3B533}.Release|x64.ActiveCfg = Release|Any CPU
		{11514293-3776-445E-B1E3-68BBA5E3B533}.Release|x64.Build.0 = Release|Any CPU
		{11514293-3776-445E-B1E3-68BBA5E3B533}.Release|x86.ActiveCfg = Release|Any CPU
		{11514293-3776-445E-B1E3-68BBA5E3B533}.Release|x86.Build.0 = Release|Any CPU
		{9533D765-032A-4B8B-B9F4-B3CEFC4D2557}.Debug|Any CPU.ActiveCfg = Debug|Any CPU
		{9533D765-032A-4B8B-B9F4-B3CEFC4D2557}.Debug|Any CPU.Build.0 = Debug|Any CPU
		{9533D765-032A-4B8B-B9F4-B3CEFC4D2557}.Debug|arm64.ActiveCfg = Debug|Any CPU
		{9533D765-032A-4B8B-B9F4-B3CEFC4D2557}.Debug|arm64.Build.0 = Debug|Any CPU
		{9533D765-032A-4B8B-B9F4-B3CEFC4D2557}.Debug|x64.ActiveCfg = Debug|Any CPU
		{9533D765-032A-4B8B-B9F4-B3CEFC4D2557}.Debug|x64.Build.0 = Debug|Any CPU
		{9533D765-032A-4B8B-B9F4-B3CEFC4D2557}.Debug|x86.ActiveCfg = Debug|Any CPU
		{9533D765-032A-4B8B-B9F4-B3CEFC4D2557}.Debug|x86.Build.0 = Debug|Any CPU
		{9533D765-032A-4B8B-B9F4-B3CEFC4D2557}.Release|Any CPU.ActiveCfg = Release|Any CPU
		{9533D765-032A-4B8B-B9F4-B3CEFC4D2557}.Release|Any CPU.Build.0 = Release|Any CPU
		{9533D765-032A-4B8B-B9F4-B3CEFC4D2557}.Release|arm64.ActiveCfg = Release|Any CPU
		{9533D765-032A-4B8B-B9F4-B3CEFC4D2557}.Release|arm64.Build.0 = Release|Any CPU
		{9533D765-032A-4B8B-B9F4-B3CEFC4D2557}.Release|x64.ActiveCfg = Release|Any CPU
		{9533D765-032A-4B8B-B9F4-B3CEFC4D2557}.Release|x64.Build.0 = Release|Any CPU
		{9533D765-032A-4B8B-B9F4-B3CEFC4D2557}.Release|x86.ActiveCfg = Release|Any CPU
		{9533D765-032A-4B8B-B9F4-B3CEFC4D2557}.Release|x86.Build.0 = Release|Any CPU
		{D2F2F523-E51B-4612-A1B3-6D164F7CC5DC}.Debug|Any CPU.ActiveCfg = Debug|x64
		{D2F2F523-E51B-4612-A1B3-6D164F7CC5DC}.Debug|Any CPU.Build.0 = Debug|x64
		{D2F2F523-E51B-4612-A1B3-6D164F7CC5DC}.Debug|Any CPU.Deploy.0 = Debug|x64
		{D2F2F523-E51B-4612-A1B3-6D164F7CC5DC}.Debug|arm64.ActiveCfg = Debug|arm64
		{D2F2F523-E51B-4612-A1B3-6D164F7CC5DC}.Debug|arm64.Build.0 = Debug|arm64
		{D2F2F523-E51B-4612-A1B3-6D164F7CC5DC}.Debug|arm64.Deploy.0 = Debug|arm64
		{D2F2F523-E51B-4612-A1B3-6D164F7CC5DC}.Debug|x64.ActiveCfg = Debug|x64
		{D2F2F523-E51B-4612-A1B3-6D164F7CC5DC}.Debug|x64.Build.0 = Debug|x64
		{D2F2F523-E51B-4612-A1B3-6D164F7CC5DC}.Debug|x64.Deploy.0 = Debug|x64
		{D2F2F523-E51B-4612-A1B3-6D164F7CC5DC}.Debug|x86.ActiveCfg = Debug|x86
		{D2F2F523-E51B-4612-A1B3-6D164F7CC5DC}.Debug|x86.Build.0 = Debug|x86
		{D2F2F523-E51B-4612-A1B3-6D164F7CC5DC}.Debug|x86.Deploy.0 = Debug|x86
		{D2F2F523-E51B-4612-A1B3-6D164F7CC5DC}.Release|Any CPU.ActiveCfg = Release|x64
		{D2F2F523-E51B-4612-A1B3-6D164F7CC5DC}.Release|Any CPU.Build.0 = Release|x64
		{D2F2F523-E51B-4612-A1B3-6D164F7CC5DC}.Release|Any CPU.Deploy.0 = Release|x64
		{D2F2F523-E51B-4612-A1B3-6D164F7CC5DC}.Release|arm64.ActiveCfg = Release|arm64
		{D2F2F523-E51B-4612-A1B3-6D164F7CC5DC}.Release|arm64.Build.0 = Release|arm64
		{D2F2F523-E51B-4612-A1B3-6D164F7CC5DC}.Release|arm64.Deploy.0 = Release|arm64
		{D2F2F523-E51B-4612-A1B3-6D164F7CC5DC}.Release|x64.ActiveCfg = Release|x64
		{D2F2F523-E51B-4612-A1B3-6D164F7CC5DC}.Release|x64.Build.0 = Release|x64
		{D2F2F523-E51B-4612-A1B3-6D164F7CC5DC}.Release|x64.Deploy.0 = Release|x64
		{D2F2F523-E51B-4612-A1B3-6D164F7CC5DC}.Release|x86.ActiveCfg = Release|x86
		{D2F2F523-E51B-4612-A1B3-6D164F7CC5DC}.Release|x86.Build.0 = Release|x86
		{D2F2F523-E51B-4612-A1B3-6D164F7CC5DC}.Release|x86.Deploy.0 = Release|x86
		{58DDE9D6-5448-4EDF-A783-09274DFCB377}.Debug|Any CPU.ActiveCfg = Debug|Any CPU
		{58DDE9D6-5448-4EDF-A783-09274DFCB377}.Debug|Any CPU.Build.0 = Debug|Any CPU
		{58DDE9D6-5448-4EDF-A783-09274DFCB377}.Debug|Any CPU.Deploy.0 = Debug|Any CPU
		{58DDE9D6-5448-4EDF-A783-09274DFCB377}.Debug|arm64.ActiveCfg = Debug|Any CPU
		{58DDE9D6-5448-4EDF-A783-09274DFCB377}.Debug|arm64.Build.0 = Debug|Any CPU
		{58DDE9D6-5448-4EDF-A783-09274DFCB377}.Debug|x64.ActiveCfg = Debug|Any CPU
		{58DDE9D6-5448-4EDF-A783-09274DFCB377}.Debug|x64.Build.0 = Debug|Any CPU
		{58DDE9D6-5448-4EDF-A783-09274DFCB377}.Debug|x86.ActiveCfg = Debug|Any CPU
		{58DDE9D6-5448-4EDF-A783-09274DFCB377}.Debug|x86.Build.0 = Debug|Any CPU
		{58DDE9D6-5448-4EDF-A783-09274DFCB377}.Release|Any CPU.ActiveCfg = Release|Any CPU
		{58DDE9D6-5448-4EDF-A783-09274DFCB377}.Release|Any CPU.Build.0 = Release|Any CPU
		{58DDE9D6-5448-4EDF-A783-09274DFCB377}.Release|Any CPU.Deploy.0 = Release|Any CPU
		{58DDE9D6-5448-4EDF-A783-09274DFCB377}.Release|arm64.ActiveCfg = Release|Any CPU
		{58DDE9D6-5448-4EDF-A783-09274DFCB377}.Release|arm64.Build.0 = Release|Any CPU
		{58DDE9D6-5448-4EDF-A783-09274DFCB377}.Release|x64.ActiveCfg = Release|Any CPU
		{58DDE9D6-5448-4EDF-A783-09274DFCB377}.Release|x64.Build.0 = Release|Any CPU
		{58DDE9D6-5448-4EDF-A783-09274DFCB377}.Release|x86.ActiveCfg = Release|Any CPU
		{58DDE9D6-5448-4EDF-A783-09274DFCB377}.Release|x86.Build.0 = Release|Any CPU
		{1836E0D8-93E2-43F2-B090-F577DDF12D62}.Debug|Any CPU.ActiveCfg = Debug|Any CPU
		{1836E0D8-93E2-43F2-B090-F577DDF12D62}.Debug|Any CPU.Build.0 = Debug|Any CPU
		{1836E0D8-93E2-43F2-B090-F577DDF12D62}.Debug|arm64.ActiveCfg = Debug|Any CPU
		{1836E0D8-93E2-43F2-B090-F577DDF12D62}.Debug|arm64.Build.0 = Debug|Any CPU
		{1836E0D8-93E2-43F2-B090-F577DDF12D62}.Debug|x64.ActiveCfg = Debug|Any CPU
		{1836E0D8-93E2-43F2-B090-F577DDF12D62}.Debug|x64.Build.0 = Debug|Any CPU
		{1836E0D8-93E2-43F2-B090-F577DDF12D62}.Debug|x86.ActiveCfg = Debug|Any CPU
		{1836E0D8-93E2-43F2-B090-F577DDF12D62}.Debug|x86.Build.0 = Debug|Any CPU
		{1836E0D8-93E2-43F2-B090-F577DDF12D62}.Release|Any CPU.ActiveCfg = Release|Any CPU
		{1836E0D8-93E2-43F2-B090-F577DDF12D62}.Release|Any CPU.Build.0 = Release|Any CPU
		{1836E0D8-93E2-43F2-B090-F577DDF12D62}.Release|arm64.ActiveCfg = Release|Any CPU
		{1836E0D8-93E2-43F2-B090-F577DDF12D62}.Release|arm64.Build.0 = Release|Any CPU
		{1836E0D8-93E2-43F2-B090-F577DDF12D62}.Release|x64.ActiveCfg = Release|Any CPU
		{1836E0D8-93E2-43F2-B090-F577DDF12D62}.Release|x64.Build.0 = Release|Any CPU
		{1836E0D8-93E2-43F2-B090-F577DDF12D62}.Release|x86.ActiveCfg = Release|Any CPU
		{1836E0D8-93E2-43F2-B090-F577DDF12D62}.Release|x86.Build.0 = Release|Any CPU
		{1F33B68B-4C05-4467-9A2D-45752B4E38F3}.Debug|Any CPU.ActiveCfg = Debug|Any CPU
		{1F33B68B-4C05-4467-9A2D-45752B4E38F3}.Debug|Any CPU.Build.0 = Debug|Any CPU
		{1F33B68B-4C05-4467-9A2D-45752B4E38F3}.Debug|arm64.ActiveCfg = Debug|Any CPU
		{1F33B68B-4C05-4467-9A2D-45752B4E38F3}.Debug|arm64.Build.0 = Debug|Any CPU
		{1F33B68B-4C05-4467-9A2D-45752B4E38F3}.Debug|x64.ActiveCfg = Debug|Any CPU
		{1F33B68B-4C05-4467-9A2D-45752B4E38F3}.Debug|x64.Build.0 = Debug|Any CPU
		{1F33B68B-4C05-4467-9A2D-45752B4E38F3}.Debug|x86.ActiveCfg = Debug|Any CPU
		{1F33B68B-4C05-4467-9A2D-45752B4E38F3}.Debug|x86.Build.0 = Debug|Any CPU
		{1F33B68B-4C05-4467-9A2D-45752B4E38F3}.Release|Any CPU.ActiveCfg = Release|Any CPU
		{1F33B68B-4C05-4467-9A2D-45752B4E38F3}.Release|Any CPU.Build.0 = Release|Any CPU
		{1F33B68B-4C05-4467-9A2D-45752B4E38F3}.Release|arm64.ActiveCfg = Release|Any CPU
		{1F33B68B-4C05-4467-9A2D-45752B4E38F3}.Release|arm64.Build.0 = Release|Any CPU
		{1F33B68B-4C05-4467-9A2D-45752B4E38F3}.Release|x64.ActiveCfg = Release|Any CPU
		{1F33B68B-4C05-4467-9A2D-45752B4E38F3}.Release|x64.Build.0 = Release|Any CPU
		{1F33B68B-4C05-4467-9A2D-45752B4E38F3}.Release|x86.ActiveCfg = Release|Any CPU
		{1F33B68B-4C05-4467-9A2D-45752B4E38F3}.Release|x86.Build.0 = Release|Any CPU
	EndGlobalSection
	GlobalSection(SolutionProperties) = preSolution
		HideSolutionNode = FALSE
	EndGlobalSection
	GlobalSection(NestedProjects) = preSolution
		{AFB863AB-4E28-4A8B-92EE-FE32D004D79A} = {8953CCE5-262C-4B30-A01F-1931188C4B99}
		{97D6530A-31EA-4488-8F14-4FEEBCB3CB4C} = {8953CCE5-262C-4B30-A01F-1931188C4B99}
		{A6355FE0-247F-4998-9D55-3D0D8F692F91} = {8953CCE5-262C-4B30-A01F-1931188C4B99}
		{11514293-3776-445E-B1E3-68BBA5E3B533} = {8953CCE5-262C-4B30-A01F-1931188C4B99}
		{9533D765-032A-4B8B-B9F4-B3CEFC4D2557} = {97D6530A-31EA-4488-8F14-4FEEBCB3CB4C}
		{D2F2F523-E51B-4612-A1B3-6D164F7CC5DC} = {97D6530A-31EA-4488-8F14-4FEEBCB3CB4C}
		{58DDE9D6-5448-4EDF-A783-09274DFCB377} = {97D6530A-31EA-4488-8F14-4FEEBCB3CB4C}
		{1836E0D8-93E2-43F2-B090-F577DDF12D62} = {97D6530A-31EA-4488-8F14-4FEEBCB3CB4C}
		{1F33B68B-4C05-4467-9A2D-45752B4E38F3} = {AFB863AB-4E28-4A8B-92EE-FE32D004D79A}
	EndGlobalSection
	GlobalSection(ExtensibilityGlobals) = postSolution
		SolutionGuid = {03CA925D-5076-4972-B809-A60AB224307D}
	EndGlobalSection
EndGlobal
